Microsoft Visual Studio Solution File, Format Version 12.00
# Visual Studio Version 17
VisualStudioVersion = 17.5.2.0
MinimumVisualStudioVersion = 10.0.40219.1
Project("{FAE04EC0-301F-11D3-BF4B-00C04F79EFBC}") = "Ryde", "Ryde\Ryde.csproj", "{F5F641E8-7E2B-D8B6-15EF-F62FDF6760AD}"
EndProject
Global
	GlobalSection(SolutionConfigurationPlatforms) = preSolution
		Debug|Any CPU = Debug|Any CPU
		Release|Any CPU = Release|Any CPU
	EndGlobalSection
	GlobalSection(ProjectConfigurationPlatforms) = postSolution
		{F5F641E8-7E2B-D8B6-15EF-F62FDF6760AD}.Debug|Any CPU.ActiveCfg = Debug|Any CPU
		{F5F641E8-7E2B-D8B6-15EF-F62FDF6760AD}.Debug|Any CPU.Build.0 = Debug|Any CPU
		{F5F641E8-7E2B-D8B6-15EF-F62FDF6760AD}.Release|Any CPU.ActiveCfg = Release|Any CPU
		{F5F641E8-7E2B-D8B6-15EF-F62FDF6760AD}.Release|Any CPU.Build.0 = Release|Any CPU
	EndGlobalSection
	GlobalSection(SolutionProperties) = preSolution
		HideSolutionNode = FALSE
	EndGlobalSection
	GlobalSection(ExtensibilityGlobals) = postSolution
		SolutionGuid = {615435B3-247F-4A91-AD1D-46392FA5CD67}
	EndGlobalSection
EndGlobal
