Microsoft Visual Studio Solution File, Format Version 12.00
# Visual Studio Version 17
VisualStudioVersion = 17.5.2.0
MinimumVisualStudioVersion = 10.0.40219.1
Project("{FAE04EC0-301F-11D3-BF4B-00C04F79EFBC}") = "Ryde", "Ryde.csproj", "{123587CF-C923-F2DE-ED1C-3A07FC394DC6}"
EndProject
Global
	GlobalSection(SolutionConfigurationPlatforms) = preSolution
		Debug|Any CPU = Debug|Any CPU
		Release|Any CPU = Release|Any CPU
	EndGlobalSection
	GlobalSection(ProjectConfigurationPlatforms) = postSolution
		{123587CF-C923-F2DE-ED1C-3A07FC394DC6}.Debug|Any CPU.ActiveCfg = Debug|Any CPU
		{123587CF-C923-F2DE-ED1C-3A07FC394DC6}.Debug|Any CPU.Build.0 = Debug|Any CPU
		{123587CF-C923-F2DE-ED1C-3A07FC394DC6}.Release|Any CPU.ActiveCfg = Release|Any CPU
		{123587CF-C923-F2DE-ED1C-3A07FC394DC6}.Release|Any CPU.Build.0 = Release|Any CPU
	EndGlobalSection
	GlobalSection(SolutionProperties) = preSolution
		HideSolutionNode = FALSE
	EndGlobalSection
	GlobalSection(ExtensibilityGlobals) = postSolution
		SolutionGuid = {2F49353B-34E9-4463-B3BC-F2529BC7C5CB}
	EndGlobalSection
EndGlobal
